
Microsoft Visual Studio Solution File, Format Version 12.00
# Visual Studio Version 16
VisualStudioVersion = 16.0.31702.278
MinimumVisualStudioVersion = 10.0.40219.1
Project("{9A19103F-16F7-4668-BE54-9A1E7A4F7556}") = "SessionHost", "SessionHost\SessionHost.csproj", "{79B2830B-01CE-494C-9F7B-4B1F1FDD43B8}"
EndProject
Project("{FAE04EC0-301F-11D3-BF4B-00C04F79EFBC}") = "SessionHostTest", "SessionHostTest\SessionHostTest.csproj", "{C2506B3B-07C0-48A4-93D8-EF2DCFDDB2F0}"
EndProject
Global
	GlobalSection(SolutionConfigurationPlatforms) = preSolution
		Debug|Any CPU = Debug|Any CPU
		Release|Any CPU = Release|Any CPU
	EndGlobalSection
	GlobalSection(ProjectConfigurationPlatforms) = postSolution
		{79B2830B-01CE-494C-9F7B-4B1F1FDD43B8}.Debug|Any CPU.ActiveCfg = Debug|Any CPU
		{79B2830B-01CE-494C-9F7B-4B1F1FDD43B8}.Debug|Any CPU.Build.0 = Debug|Any CPU
		{79B2830B-01CE-494C-9F7B-4B1F1FDD43B8}.Release|Any CPU.ActiveCfg = Release|Any CPU
		{79B2830B-01CE-494C-9F7B-4B1F1FDD43B8}.Release|Any CPU.Build.0 = Release|Any CPU
		{C2506B3B-07C0-48A4-93D8-EF2DCFDDB2F0}.Debug|Any CPU.ActiveCfg = Debug|Any CPU
		{C2506B3B-07C0-48A4-93D8-EF2DCFDDB2F0}.Debug|Any CPU.Build.0 = Debug|Any CPU
		{C2506B3B-07C0-48A4-93D8-EF2DCFDDB2F0}.Release|Any CPU.ActiveCfg = Release|Any CPU
		{C2506B3B-07C0-48A4-93D8-EF2DCFDDB2F0}.Release|Any CPU.Build.0 = Release|Any CPU
	EndGlobalSection
	GlobalSection(SolutionProperties) = preSolution
		HideSolutionNode = FALSE
	EndGlobalSection
	GlobalSection(ExtensibilityGlobals) = postSolution
		SolutionGuid = {588D9F01-DDC8-4FAC-B083-E506D2C64CA1}
	EndGlobalSection
EndGlobal
